
Microsoft Visual Studio Solution File, Format Version 12.00
# Visual Studio Version 16
VisualStudioVersion = 16.0.29001.49
MinimumVisualStudioVersion = 10.0.40219.1
Project("{FAE04EC0-301F-11D3-BF4B-00C04F79EFBC}") = "CaliburnExample", "CaliburnExample\CaliburnExample.csproj", "{57341A2C-7985-41D5-8BE8-D14891FDF721}"
EndProject
Global
	GlobalSection(SolutionConfigurationPlatforms) = preSolution
		Debug|Any CPU = Debug|Any CPU
		Release|Any CPU = Release|Any CPU
	EndGlobalSection
	GlobalSection(ProjectConfigurationPlatforms) = postSolution
		{57341A2C-7985-41D5-8BE8-D14891FDF721}.Debug|Any CPU.ActiveCfg = Debug|Any CPU
		{57341A2C-7985-41D5-8BE8-D14891FDF721}.Debug|Any CPU.Build.0 = Debug|Any CPU
		{57341A2C-7985-41D5-8BE8-D14891FDF721}.Release|Any CPU.ActiveCfg = Release|Any CPU
		{57341A2C-7985-41D5-8BE8-D14891FDF721}.Release|Any CPU.Build.0 = Release|Any CPU
	EndGlobalSection
	GlobalSection(SolutionProperties) = preSolution
		HideSolutionNode = FALSE
	EndGlobalSection
	GlobalSection(ExtensibilityGlobals) = postSolution
		SolutionGuid = {5D37D339-51AD-46B5-8477-79D59AB80412}
	EndGlobalSection
EndGlobal
